
Microsoft Visual Studio Solution File, Format Version 12.00
Project("{FAE04EC0-301F-11D3-BF4B-00C04F79EFBC}") = "ProductService.API", "ProductService.API\ProductService.API.csproj", "{0EAD220E-557C-4BA0-A4BF-5B0DDB7100CF}"
EndProject
Project("{FAE04EC0-301F-11D3-BF4B-00C04F79EFBC}") = "ProductService.Domain", "ProductService.Domain\ProductService.Domain.csproj", "{F2E9BE1F-8BAE-4FE9-96CE-97C90D5F0776}"
EndProject
Project("{FAE04EC0-301F-11D3-BF4B-00C04F79EFBC}") = "ProductService.Application", "ProductService.Application\ProductService.Application.csproj", "{8063B5CF-5702-4B24-8E63-E9C1FD499CF2}"
EndProject
Project("{FAE04EC0-301F-11D3-BF4B-00C04F79EFBC}") = "ProductService.Infrastructure", "ProductService.Infrastructure\ProductService.Infrastructure.csproj", "{6CBCA9D5-6508-4CA4-A914-C4D0A9E875B9}"
EndProject
Global
	GlobalSection(SolutionConfigurationPlatforms) = preSolution
		Debug|Any CPU = Debug|Any CPU
		Release|Any CPU = Release|Any CPU
	EndGlobalSection
	GlobalSection(ProjectConfigurationPlatforms) = postSolution
		{0EAD220E-557C-4BA0-A4BF-5B0DDB7100CF}.Debug|Any CPU.ActiveCfg = Debug|Any CPU
		{0EAD220E-557C-4BA0-A4BF-5B0DDB7100CF}.Debug|Any CPU.Build.0 = Debug|Any CPU
		{0EAD220E-557C-4BA0-A4BF-5B0DDB7100CF}.Release|Any CPU.ActiveCfg = Release|Any CPU
		{0EAD220E-557C-4BA0-A4BF-5B0DDB7100CF}.Release|Any CPU.Build.0 = Release|Any CPU
		{F2E9BE1F-8BAE-4FE9-96CE-97C90D5F0776}.Debug|Any CPU.ActiveCfg = Debug|Any CPU
		{F2E9BE1F-8BAE-4FE9-96CE-97C90D5F0776}.Debug|Any CPU.Build.0 = Debug|Any CPU
		{F2E9BE1F-8BAE-4FE9-96CE-97C90D5F0776}.Release|Any CPU.ActiveCfg = Release|Any CPU
		{F2E9BE1F-8BAE-4FE9-96CE-97C90D5F0776}.Release|Any CPU.Build.0 = Release|Any CPU
		{8063B5CF-5702-4B24-8E63-E9C1FD499CF2}.Debug|Any CPU.ActiveCfg = Debug|Any CPU
		{8063B5CF-5702-4B24-8E63-E9C1FD499CF2}.Debug|Any CPU.Build.0 = Debug|Any CPU
		{8063B5CF-5702-4B24-8E63-E9C1FD499CF2}.Release|Any CPU.ActiveCfg = Release|Any CPU
		{8063B5CF-5702-4B24-8E63-E9C1FD499CF2}.Release|Any CPU.Build.0 = Release|Any CPU
		{6CBCA9D5-6508-4CA4-A914-C4D0A9E875B9}.Debug|Any CPU.ActiveCfg = Debug|Any CPU
		{6CBCA9D5-6508-4CA4-A914-C4D0A9E875B9}.Debug|Any CPU.Build.0 = Debug|Any CPU
		{6CBCA9D5-6508-4CA4-A914-C4D0A9E875B9}.Release|Any CPU.ActiveCfg = Release|Any CPU
		{6CBCA9D5-6508-4CA4-A914-C4D0A9E875B9}.Release|Any CPU.Build.0 = Release|Any CPU
	EndGlobalSection
EndGlobal
